
Microsoft Visual Studio Solution File, Format Version 12.00
Project("{FAE04EC0-301F-11D3-BF4B-00C04F79EFBC}") = "INTERPRETER_CODE_G6", "INTERPRETER_CODE_G6\INTERPRETER_CODE_G6.csproj", "{CBE7FD18-A8DA-4E0C-8B15-7466760FA17B}"
EndProject
Global
	GlobalSection(SolutionConfigurationPlatforms) = preSolution
		Debug|Any CPU = Debug|Any CPU
		Release|Any CPU = Release|Any CPU
	EndGlobalSection
	GlobalSection(ProjectConfigurationPlatforms) = postSolution
		{CBE7FD18-A8DA-4E0C-8B15-7466760FA17B}.Debug|Any CPU.ActiveCfg = Debug|Any CPU
		{CBE7FD18-A8DA-4E0C-8B15-7466760FA17B}.Debug|Any CPU.Build.0 = Debug|Any CPU
		{CBE7FD18-A8DA-4E0C-8B15-7466760FA17B}.Release|Any CPU.ActiveCfg = Release|Any CPU
		{CBE7FD18-A8DA-4E0C-8B15-7466760FA17B}.Release|Any CPU.Build.0 = Release|Any CPU
	EndGlobalSection
EndGlobal
